lockfileVersion: '9.0'

settings:
  autoInstallPeers: true
  excludeLinksFromLockfile: false

importers:

  .:
    dependencies:
      '@private/dependency':
        specifier: ^1.0.0
        version: 1.0.1

packages:

  '@private/dependency@1.0.1':
    resolution: {integrity: sha512-GdGAhI5U4XBstP9TX8M0Ymjp/5nclPr9Bw5epUcgtZKgKE5Fgq71GCf1a0rDlccvf7qdDAyiOfQUNP168OtGXQ==}

snapshots:

  '@private/dependency@1.0.1': {}
